
Microsoft Visual Studio Solution File, Format Version 12.00
# Visual Studio Version 16
VisualStudioVersion = 16.0.29306.81
MinimumVisualStudioVersion = 10.0.40219.1
Project("{9A19103F-16F7-4668-BE54-9A1E7A4F7556}") = "NeverEmptyPantry.Api", "NeverEmptyPantry.Api\NeverEmptyPantry.Api.csproj", "{70EF6AE8-8950-4683-8329-44865E06AB8C}"
EndProject
Project("{9A19103F-16F7-4668-BE54-9A1E7A4F7556}") = "NeverEmptyPantry.Common", "NeverEmptyPantry.Common\NeverEmptyPantry.Common.csproj", "{4B04B959-AED2-412F-BC78-A0278C3A53B8}"
EndProject
Project("{9A19103F-16F7-4668-BE54-9A1E7A4F7556}") = "NeverEmptyPantry.Repository", "NeverEmptyPantry.Repository\NeverEmptyPantry.Repository.csproj", "{1E50454D-3644-44B6-8C88-874E842EC207}"
EndProject
Project("{9A19103F-16F7-4668-BE54-9A1E7A4F7556}") = "NeverEmptyPantry.Application", "NeverEmptyPantry.Application\NeverEmptyPantry.Application.csproj", "{5E281C0D-5AB7-4AC5-B129-73CBA50FE15A}"
EndProject
Project("{9A19103F-16F7-4668-BE54-9A1E7A4F7556}") = "NeverEmptyPantry.Tests", "NeverEmptyPantry.Tests\NeverEmptyPantry.Tests.csproj", "{CF157527-3397-4ED8-B6E7-03FD1E617AF1}"
EndProject
Global
	GlobalSection(SolutionConfigurationPlatforms) = preSolution
		Debug|Any CPU = Debug|Any CPU
		Release|Any CPU = Release|Any CPU
	EndGlobalSection
	GlobalSection(ProjectConfigurationPlatforms) = postSolution
		{70EF6AE8-8950-4683-8329-44865E06AB8C}.Debug|Any CPU.ActiveCfg = Debug|Any CPU
		{70EF6AE8-8950-4683-8329-44865E06AB8C}.Debug|Any CPU.Build.0 = Debug|Any CPU
		{70EF6AE8-8950-4683-8329-44865E06AB8C}.Release|Any CPU.ActiveCfg = Release|Any CPU
		{70EF6AE8-8950-4683-8329-44865E06AB8C}.Release|Any CPU.Build.0 = Release|Any CPU
		{4B04B959-AED2-412F-BC78-A0278C3A53B8}.Debug|Any CPU.ActiveCfg = Debug|Any CPU
		{4B04B959-AED2-412F-BC78-A0278C3A53B8}.Debug|Any CPU.Build.0 = Debug|Any CPU
		{4B04B959-AED2-412F-BC78-A0278C3A53B8}.Release|Any CPU.ActiveCfg = Release|Any CPU
		{4B04B959-AED2-412F-BC78-A0278C3A53B8}.Release|Any CPU.Build.0 = Release|Any CPU
		{1E50454D-3644-44B6-8C88-874E842EC207}.Debug|Any CPU.ActiveCfg = Debug|Any CPU
		{1E50454D-3644-44B6-8C88-874E842EC207}.Debug|Any CPU.Build.0 = Debug|Any CPU
		{1E50454D-3644-44B6-8C88-874E842EC207}.Release|Any CPU.ActiveCfg = Release|Any CPU
		{1E50454D-3644-44B6-8C88-874E842EC207}.Release|Any CPU.Build.0 = Release|Any CPU
		{5E281C0D-5AB7-4AC5-B129-73CBA50FE15A}.Debug|Any CPU.ActiveCfg = Debug|Any CPU
		{5E281C0D-5AB7-4AC5-B129-73CBA50FE15A}.Debug|Any CPU.Build.0 = Debug|Any CPU
		{5E281C0D-5AB7-4AC5-B129-73CBA50FE15A}.Release|Any CPU.ActiveCfg = Release|Any CPU
		{5E281C0D-5AB7-4AC5-B129-73CBA50FE15A}.Release|Any CPU.Build.0 = Release|Any CPU
		{CF157527-3397-4ED8-B6E7-03FD1E617AF1}.Debug|Any CPU.ActiveCfg = Debug|Any CPU
		{CF157527-3397-4ED8-B6E7-03FD1E617AF1}.Debug|Any CPU.Build.0 = Debug|Any CPU
		{CF157527-3397-4ED8-B6E7-03FD1E617AF1}.Release|Any CPU.ActiveCfg = Release|Any CPU
		{CF157527-3397-4ED8-B6E7-03FD1E617AF1}.Release|Any CPU.Build.0 = Release|Any CPU
	EndGlobalSection
	GlobalSection(SolutionProperties) = preSolution
		HideSolutionNode = FALSE
	EndGlobalSection
	GlobalSection(ExtensibilityGlobals) = postSolution
		SolutionGuid = {359E6B5B-FA1E-4DB5-AA1C-9C3B80E9C104}
	EndGlobalSection
EndGlobal
